{
  "name": "uhmm-link-cli",
  "version": "0.1.0",
  "lockfileVersion": 3,
  "requires": true,
  "packages": {
    "": {
      "name": "uhmm-link-cli",
      "version": "0.1.0",
      "hasInstallScript": true,
      "bin": {
        "uhmm": "bin/uhmm.js"
      },
      "engines": {
        "node": ">=18"
      }
    }
  }
}
